<Solution>
  <Folder Name="/src/">
    <Project Path="src/ECommerce.FlashSaleOrchestrator.Api/ECommerce.FlashSaleOrchestrator.Api.csproj" />
    <Project Path="src/ECommerce.FlashSaleOrchestrator.Application/ECommerce.FlashSaleOrchestrator.Application.csproj" />
    <Project Path="src/ECommerce.FlashSaleOrchestrator.Domain/ECommerce.FlashSaleOrchestrator.Domain.csproj" />
    <Project Path="src/ECommerce.FlashSaleOrchestrator.Infrastructure/ECommerce.FlashSaleOrchestrator.Infrastructure.csproj" />
    <Project Path="src/ECommerce.FlashSaleOrchestrator.Worker/ECommerce.FlashSaleOrchestrator.Worker.csproj" />
  </Folder>
  <Folder Name="/tests/">
    <Project Path="tests/ECommerce.FlashSaleOrchestrator.Application.Tests/ECommerce.FlashSaleOrchestrator.Application.Tests.csproj" />
    <Project Path="tests/ECommerce.FlashSaleOrchestrator.Architecture.Tests/ECommerce.FlashSaleOrchestrator.Architecture.Tests.csproj" />
    <Project Path="tests/ECommerce.FlashSaleOrchestrator.Domain.Tests/ECommerce.FlashSaleOrchestrator.Domain.Tests.csproj" />
    <Project Path="tests/ECommerce.FlashSaleOrchestrator.Infrastructure.IntegrationTests/ECommerce.FlashSaleOrchestrator.Infrastructure.IntegrationTests.csproj" />
    <Project Path="tests/ECommerce.FlashSaleOrchestrator.Worker.Tests/ECommerce.FlashSaleOrchestrator.Worker.Tests.csproj" Id="2a1c6601-fb84-4d3e-b97f-47913e3f7532" />
  </Folder>
</Solution>
